
Microsoft Visual Studio Solution File, Format Version 12.00
# Visual Studio 14
VisualStudioVersion = 14.0.25420.1
MinimumVisualStudioVersion = 10.0.40219.1
Project("{2150E333-8FDC-42A3-9474-1A3956D46DE8}") = "src", "src", "{04D1A46A-1A26-42D4-ABA6-AF4DE829F687}"
EndProject
Project("{2150E333-8FDC-42A3-9474-1A3956D46DE8}") = "Solution Items", "Solution Items", "{02D9E85F-6E73-4202-A07E-71EF26A93CC2}"
	ProjectSection(SolutionItems) = preProject
		global.json = global.json
	EndProjectSection
EndProject
Project("{8BB2217D-0F2D-49D1-97BC-3654ED321F3B}") = "ALittleBigBlog", "src\ALittleBigBlog\ALittleBigBlog.xproj", "{19C8D13F-A10F-4D48-AA89-1E87E796B3E9}"
EndProject
Global
	GlobalSection(SolutionConfigurationPlatforms) = preSolution
		Debug|Any CPU = Debug|Any CPU
		Release|Any CPU = Release|Any CPU
	EndGlobalSection
	GlobalSection(ProjectConfigurationPlatforms) = postSolution
		{19C8D13F-A10F-4D48-AA89-1E87E796B3E9}.Debug|Any CPU.ActiveCfg = Debug|Any CPU
		{19C8D13F-A10F-4D48-AA89-1E87E796B3E9}.Debug|Any CPU.Build.0 = Debug|Any CPU
		{19C8D13F-A10F-4D48-AA89-1E87E796B3E9}.Release|Any CPU.ActiveCfg = Release|Any CPU
		{19C8D13F-A10F-4D48-AA89-1E87E796B3E9}.Release|Any CPU.Build.0 = Release|Any CPU
	EndGlobalSection
	GlobalSection(SolutionProperties) = preSolution
		HideSolutionNode = FALSE
	EndGlobalSection
	GlobalSection(NestedProjects) = preSolution
		{19C8D13F-A10F-4D48-AA89-1E87E796B3E9} = {04D1A46A-1A26-42D4-ABA6-AF4DE829F687}
	EndGlobalSection
EndGlobal
